
Microsoft Visual Studio Solution File, Format Version 12.00
# Visual Studio 15
VisualStudioVersion = 15.0.28307.421
MinimumVisualStudioVersion = 10.0.40219.1
Project("{9A19103F-16F7-4668-BE54-9A1E7A4F7556}") = "RestCustomerService", "RestCustomerService\RestCustomerService.csproj", "{3FB2E89B-591E-4659-BAE1-EDB1B8765C02}"
EndProject
Project("{FAE04EC0-301F-11D3-BF4B-00C04F79EFBC}") = "UnitTestService", "UnitTestService\UnitTestService.csproj", "{94D90DCA-5305-453E-8F86-4FFE3791EE7E}"
EndProject
Global
	GlobalSection(SolutionConfigurationPlatforms) = preSolution
		Debug|Any CPU = Debug|Any CPU
		Release|Any CPU = Release|Any CPU
	EndGlobalSection
	GlobalSection(ProjectConfigurationPlatforms) = postSolution
		{3FB2E89B-591E-4659-BAE1-EDB1B8765C02}.Debug|Any CPU.ActiveCfg = Debug|Any CPU
		{3FB2E89B-591E-4659-BAE1-EDB1B8765C02}.Debug|Any CPU.Build.0 = Debug|Any CPU
		{3FB2E89B-591E-4659-BAE1-EDB1B8765C02}.Release|Any CPU.ActiveCfg = Release|Any CPU
		{3FB2E89B-591E-4659-BAE1-EDB1B8765C02}.Release|Any CPU.Build.0 = Release|Any CPU
		{94D90DCA-5305-453E-8F86-4FFE3791EE7E}.Debug|Any CPU.ActiveCfg = Debug|Any CPU
		{94D90DCA-5305-453E-8F86-4FFE3791EE7E}.Debug|Any CPU.Build.0 = Debug|Any CPU
		{94D90DCA-5305-453E-8F86-4FFE3791EE7E}.Release|Any CPU.ActiveCfg = Release|Any CPU
		{94D90DCA-5305-453E-8F86-4FFE3791EE7E}.Release|Any CPU.Build.0 = Release|Any CPU
	EndGlobalSection
	GlobalSection(SolutionProperties) = preSolution
		HideSolutionNode = FALSE
	EndGlobalSection
	GlobalSection(ExtensibilityGlobals) = postSolution
		SolutionGuid = {953C9685-8D56-4DF6-962F-80F8E0B2ECC3}
	EndGlobalSection
EndGlobal
